// !$*UTF8*$!
{
	archiveVersion = 1;
	classes = {
	};
	objectVersion = 46;
	objects = {

/* Begin PBXBuildFile section */
		8306A5C11CA3C2EB008ADD3B /* Bil.m in Sources */ = {isa = PBXBuildFile; fileRef = 8306A5C01CA3C2EB008ADD3B /* Bil.m */; };
		83236D221CA3B8A400C83F65 /* WalletViewController.m in Sources */ = {isa = PBXBuildFile; fileRef = 83236D211CA3B8A400C83F65 /* WalletViewController.m */; };
		83865F411C9664D3001115B3 /* LoginViewController.m in Sources */ = {isa = PBXBuildFile; fileRef = 83865F401C9664D3001115B3 /* LoginViewController.m */; };
		83865F441C96672C001115B3 /* RegisterViewController.m in Sources */ = {isa = PBXBuildFile; fileRef = 83865F431C96672C001115B3 /* RegisterViewController.m */; };
		83865F471C967DE7001115B3 /* MeInfoViewController.m in Sources */ = {isa = PBXBuildFile; fileRef = 83865F461C967DE7001115B3 /* MeInfoViewController.m */; };
		83865F4B1C968ACC001115B3 /* User.m in Sources */ = {isa = PBXBuildFile; fileRef = 83865F4A1C968ACC001115B3 /* User.m */; };
		83865F511C9A7614001115B3 /* NSError+custom.m in Sources */ = {isa = PBXBuildFile; fileRef = 83865F501C9A7614001115B3 /* NSError+custom.m */; };
		8390CFE41CAC1A4F009C1BED /* jpush-ios-2.1.0.a in Frameworks */ = {isa = PBXBuildFile; fileRef = 8390CFE21CAC1A4F009C1BED /* jpush-ios-2.1.0.a */; };
		8390CFE81CAC1B1A009C1BED /* PushConfig.plist in Resources */ = {isa = PBXBuildFile; fileRef = 8390CFE71CAC1B1A009C1BED /* PushConfig.plist */; };
		8390CFEB1CAC1E08009C1BED /* CoreTelephony.framework in Frameworks */ = {isa = PBXBuildFile; fileRef = 8390CFEA1CAC1E08009C1BED /* CoreTelephony.framework */; };
		8390CFED1CAC1E0F009C1BED /* Security.framework in Frameworks */ = {isa = PBXBuildFile; fileRef = 8390CFEC1CAC1E0F009C1BED /* Security.framework */; };
		8390CFEF1CAC1E36009C1BED /* CFNetwork.framework in Frameworks */ = {isa = PBXBuildFile; fileRef = 8390CFEE1CAC1E36009C1BED /* CFNetwork.framework */; };
		8390CFF11CAC1E43009C1BED /* CoreFoundation.framework in Frameworks */ = {isa = PBXBuildFile; fileRef = 8390CFF01CAC1E43009C1BED /* CoreFoundation.framework */; };
		83BCDA461CAC351900584AF6 /* libz.tbd in Frameworks */ = {isa = PBXBuildFile; fileRef = 83BCDA451CAC351900584AF6 /* libz.tbd */; };
		FB0E228E1CA451970091B30C /* Address.m in Sources */ = {isa = PBXBuildFile; fileRef = FB0E228D1CA451970091B30C /* Address.m */; };
		FB0E22911CA453390091B30C /* Shipper.m in Sources */ = {isa = PBXBuildFile; fileRef = FB0E22901CA453390091B30C /* Shipper.m */; };
		FB0E22941CA9581E0091B30C /* Driver.m in Sources */ = {isa = PBXBuildFile; fileRef = FB0E22931CA9581E0091B30C /* Driver.m */; };
		FB0E22971CA95A400091B30C /* SubAddFreqDriverViewController.m in Sources */ = {isa = PBXBuildFile; fileRef = FB0E22961CA95A400091B30C /* SubAddFreqDriverViewController.m */; };
		FB0E229F1CA97A3A0091B30C /* SubAddDriverDtlViewController.m in Sources */ = {isa = PBXBuildFile; fileRef = FB0E229E1CA97A3A0091B30C /* SubAddDriverDtlViewController.m */; };
		FB0E22A21CA98DFC0091B30C /* Truck.m in Sources */ = {isa = PBXBuildFile; fileRef = FB0E22A11CA98DFC0091B30C /* Truck.m */; };
		FB0E22A51CAD92740091B30C /* confirmedOrder.m in Sources */ = {isa = PBXBuildFile; fileRef = FB0E22A41CAD92740091B30C /* confirmedOrder.m */; };
		FB2921411C72FA0B0082B0B4 /* main.m in Sources */ = {isa = PBXBuildFile; fileRef = FB2921401C72FA0B0082B0B4 /* main.m */; };
		FB2921441C72FA0B0082B0B4 /* AppDelegate.m in Sources */ = {isa = PBXBuildFile; fileRef = FB2921431C72FA0B0082B0B4 /* AppDelegate.m */; };
		FB2921471C72FA0B0082B0B4 /* HomeViewController.m in Sources */ = {isa = PBXBuildFile; fileRef = FB2921461C72FA0B0082B0B4 /* HomeViewController.m */; };
		FB29214A1C72FA0B0082B0B4 /* NearbyViewController.m in Sources */ = {isa = PBXBuildFile; fileRef = FB2921491C72FA0B0082B0B4 /* NearbyViewController.m */; };
		FB29214D1C72FA0B0082B0B4 /* Main.storyboard in Resources */ = {isa = PBXBuildFile; fileRef = FB29214B1C72FA0B0082B0B4 /* Main.storyboard */; };
		FB29214F1C72FA0B0082B0B4 /* Assets.xcassets in Resources */ = {isa = PBXBuildFile; fileRef = FB29214E1C72FA0B0082B0B4 /* Assets.xcassets */; };
		FB2921521C72FA0B0082B0B4 /* LaunchScreen.storyboard in Resources */ = {isa = PBXBuildFile; fileRef = FB2921501C72FA0B0082B0B4 /* LaunchScreen.storyboard */; };
		FB29215D1C72FA0C0082B0B4 /* tongbaoTests.m in Sources */ = {isa = PBXBuildFile; fileRef = FB29215C1C72FA0C0082B0B4 /* tongbaoTests.m */; };
		FB2921681C72FA0C0082B0B4 /* tongbaoUITests.m in Sources */ = {isa = PBXBuildFile; fileRef = FB2921671C72FA0C0082B0B4 /* tongbaoUITests.m */; };
		FB3CB5BE1CB696D700A20E6D /* DriversPosition.m in Sources */ = {isa = PBXBuildFile; fileRef = FB3CB5BD1CB696D700A20E6D /* DriversPosition.m */; };
		FB3CB5C41CB6C94800A20E6D /* pos.gif in Resources */ = {isa = PBXBuildFile; fileRef = FB3CB5C31CB6C94800A20E6D /* pos.gif */; };
		FB3CB5C71CBFC14700A20E6D /* Comment.m in Sources */ = {isa = PBXBuildFile; fileRef = FB3CB5C61CBFC14700A20E6D /* Comment.m */; };
		FB403AC61CB4CEA500F0520F /* CWStarRateView.m in Sources */ = {isa = PBXBuildFile; fileRef = FB403AC51CB4CEA500F0520F /* CWStarRateView.m */; };
		FB403AC91CB4CEBF00F0520F /* b27_icon_star_yellow@2x.png in Resources */ = {isa = PBXBuildFile; fileRef = FB403AC81CB4CEBF00F0520F /* b27_icon_star_yellow@2x.png */; };
		FB403ACB1CB4CEC600F0520F /* b27_icon_star_gray@2x.png in Resources */ = {isa = PBXBuildFile; fileRef = FB403ACA1CB4CEC600F0520F /* b27_icon_star_gray@2x.png */; };
		FB403ACE1CB4D22300F0520F /* SubEvaluateOrderViewController.m in Sources */ = {isa = PBXBuildFile; fileRef = FB403ACD1CB4D22300F0520F /* SubEvaluateOrderViewController.m */; };
		FB4205121CA3E63000478BBC /* Message.m in Sources */ = {isa = PBXBuildFile; fileRef = FB4205111CA3E63000478BBC /* Message.m */; };
		FB4205151CA3EA8100478BBC /* Order.m in Sources */ = {isa = PBXBuildFile; fileRef = FB4205141CA3EA8100478BBC /* Order.m */; };
		FB4205181CA446C800478BBC /* SubAddFreqAddrViewController.m in Sources */ = {isa = PBXBuildFile; fileRef = FB4205171CA446C800478BBC /* SubAddFreqAddrViewController.m */; };
		FB5106821C78C709006991FD /* SystemConfiguration.framework in Frameworks */ = {isa = PBXBuildFile; fileRef = FB5106811C78C709006991FD /* SystemConfiguration.framework */; };
		FB5106841C78C9BC006991FD /* OrderViewController.m in Sources */ = {isa = PBXBuildFile; fileRef = FB5106831C78C9BC006991FD /* OrderViewController.m */; };
		FB5106871C78CA28006991FD /* MeViewController.m in Sources */ = {isa = PBXBuildFile; fileRef = FB5106861C78CA28006991FD /* MeViewController.m */; };
		FB5106891C78F113006991FD /* MapKit.framework in Frameworks */ = {isa = PBXBuildFile; fileRef = FB5106881C78F113006991FD /* MapKit.framework */; };
		FB54BF9B1C79889F003F1826 /* Foundation.framework in Frameworks */ = {isa = PBXBuildFile; fileRef = FB54BF9A1C79889F003F1826 /* Foundation.framework */; };
		FB54BF9D1C7988A7003F1826 /* QuartzCore.framework in Frameworks */ = {isa = PBXBuildFile; fileRef = FB54BF9C1C7988A7003F1826 /* QuartzCore.framework */; };
		FB54BF9F1C7988AF003F1826 /* UIKit.framework in Frameworks */ = {isa = PBXBuildFile; fileRef = FB54BF9E1C7988AF003F1826 /* UIKit.framework */; };
		FB54BFA11C7988BD003F1826 /* CoreGraphics.framework in Frameworks */ = {isa = PBXBuildFile; fileRef = FB54BFA01C7988BD003F1826 /* CoreGraphics.framework */; };
		FB54BFA41C7A321F003F1826 /* SubMessageViewController.m in Sources */ = {isa = PBXBuildFile; fileRef = FB54BFA31C7A321F003F1826 /* SubMessageViewController.m */; };
		FB54BFA71C7AB41E003F1826 /* SubAddrViewController.m in Sources */ = {isa = PBXBuildFile; fileRef = FB54BFA61C7AB41E003F1826 /* SubAddrViewController.m */; };
		FB54BFAA1C7ABE21003F1826 /* SubDriverViewController.m in Sources */ = {isa = PBXBuildFile; fileRef = FB54BFA91C7ABE21003F1826 /* SubDriverViewController.m */; };
		FB54BFEC1C7C6EAF003F1826 /* SubAboutViewController.m in Sources */ = {isa = PBXBuildFile; fileRef = FB54BFEB1C7C6EAF003F1826 /* SubAboutViewController.m */; };
		FB54BFEF1C7DC5D6003F1826 /* SubChooseCarViewController.m in Sources */ = {isa = PBXBuildFile; fileRef = FB54BFEE1C7DC5D6003F1826 /* SubChooseCarViewController.m */; };
		FB6CA1A91C8D786A009AE70F /* AFHTTPSessionManager.m in Sources */ = {isa = PBXBuildFile; fileRef = FB6CA19D1C8D786A009AE70F /* AFHTTPSessionManager.m */; };
		FB6CA1AA1C8D786A009AE70F /* AFNetworkReachabilityManager.m in Sources */ = {isa = PBXBuildFile; fileRef = FB6CA1A01C8D786A009AE70F /* AFNetworkReachabilityManager.m */; };
		FB6CA1AB1C8D786A009AE70F /* AFSecurityPolicy.m in Sources */ = {isa = PBXBuildFile; fileRef = FB6CA1A21C8D786A009AE70F /* AFSecurityPolicy.m */; };
		FB6CA1AC1C8D786A009AE70F /* AFURLRequestSerialization.m in Sources */ = {isa = PBXBuildFile; fileRef = FB6CA1A41C8D786A009AE70F /* AFURLRequestSerialization.m */; };
		FB6CA1AD1C8D786A009AE70F /* AFURLResponseSerialization.m in Sources */ = {isa = PBXBuildFile; fileRef = FB6CA1A61C8D786A009AE70F /* AFURLResponseSerialization.m */; };
		FB6CA1AE1C8D786A009AE70F /* AFURLSessionManager.m in Sources */ = {isa = PBXBuildFile; fileRef = FB6CA1A81C8D786A009AE70F /* AFURLSessionManager.m */; };
		FB6CA1F21C931ED3009AE70F /* TabBarViewController.m in Sources */ = {isa = PBXBuildFile; fileRef = FB6CA1F11C931ED3009AE70F /* TabBarViewController.m */; };
		FB85045D1C80C9F8008E25E1 /* RequestViewController.m in Sources */ = {isa = PBXBuildFile; fileRef = FB85045C1C80C9F8008E25E1 /* RequestViewController.m */; };
		FB8504601C82B1D7008E25E1 /* SubEditFreqAddrViewController.m in Sources */ = {isa = PBXBuildFile; fileRef = FB85045F1C82B1D7008E25E1 /* SubEditFreqAddrViewController.m */; };
		FB8504631C82E6D6008E25E1 /* SubDriverDtlViewController.m in Sources */ = {isa = PBXBuildFile; fileRef = FB8504621C82E6D6008E25E1 /* SubDriverDtlViewController.m */; };
		FB85046A1C83F422008E25E1 /* SubMsgDtlViewController.m in Sources */ = {isa = PBXBuildFile; fileRef = FB8504691C83F422008E25E1 /* SubMsgDtlViewController.m */; };
		FB85046D1C846563008E25E1 /* SubOrderDtlViewController.m in Sources */ = {isa = PBXBuildFile; fileRef = FB85046C1C846563008E25E1 /* SubOrderDtlViewController.m */; };
		FBEAF7801C7E0FE90063A913 /* CoreLocation.framework in Frameworks */ = {isa = PBXBuildFile; fileRef = FBEAF77F1C7E0FE90063A913 /* CoreLocation.framework */; };
		FBEAF7871C7F18890063A913 /* SubChooseAddrViewController.m in Sources */ = {isa = PBXBuildFile; fileRef = FBEAF7861C7F18890063A913 /* SubChooseAddrViewController.m */; };
/* End PBXBuildFile section */

/* Begin PBXContainerItemProxy section */
		FB2921591C72FA0C0082B0B4 /* PBXContainerItemProxy */ = {
			isa = PBXContainerItemProxy;
			containerPortal = FB2921341C72FA0B0082B0B4 /* Project object */;
			proxyType = 1;
			remoteGlobalIDString = FB29213B1C72FA0B0082B0B4;
			remoteInfo = tongbao;
		};
		FB2921641C72FA0C0082B0B4 /* PBXContainerItemProxy */ = {
			isa = PBXContainerItemProxy;
			containerPortal = FB2921341C72FA0B0082B0B4 /* Project object */;
			proxyType = 1;
			remoteGlobalIDString = FB29213B1C72FA0B0082B0B4;
			remoteInfo = tongbao;
		};
/* End PBXContainerItemProxy section */

/* Begin PBXFileReference section */
		8306A5BF1CA3C2B3008ADD3B /* Bill.h */ = {isa = PBXFileReference; fileEncoding = 4; lastKnownFileType = sourcecode.c.h; path = Bill.h; sourceTree = "<group>"; };
		8306A5C01CA3C2EB008ADD3B /* Bil.m */ = {isa = PBXFileReference; fileEncoding = 4; lastKnownFileType = sourcecode.c.objc; path = Bil.m; sourceTree = "<group>"; };
		83236D201CA3B88800C83F65 /* WalletViewController.h */ = {isa = PBXFileReference; fileEncoding = 4; lastKnownFileType = sourcecode.c.h; path = WalletViewController.h; sourceTree = "<group>"; };
		83236D211CA3B8A400C83F65 /* WalletViewController.m */ = {isa = PBXFileReference; fileEncoding = 4; lastKnownFileType = sourcecode.c.objc; path = WalletViewController.m; sourceTree = "<group>"; };
		83865F3F1C9664B0001115B3 /* LoginViewController.h */ = {isa = PBXFileReference; fileEncoding = 4; lastKnownFileType = sourcecode.c.h; path = LoginViewController.h; sourceTree = "<group>"; };
		83865F401C9664D3001115B3 /* LoginViewController.m */ = {isa = PBXFileReference; fileEncoding = 4; lastKnownFileType = sourcecode.c.objc; path = LoginViewController.m; sourceTree = "<group>"; };
		83865F421C96670E001115B3 /* RegisterViewController.h */ = {isa = PBXFileReference; fileEncoding = 4; lastKnownFileType = sourcecode.c.h; path = RegisterViewController.h; sourceTree = "<group>"; };
		83865F431C96672C001115B3 /* RegisterViewController.m */ = {isa = PBXFileReference; fileEncoding = 4; lastKnownFileType = sourcecode.c.objc; path = RegisterViewController.m; sourceTree = "<group>"; };
		83865F451C967DCB001115B3 /* MeInfoViewController.h */ = {isa = PBXFileReference; fileEncoding = 4; lastKnownFileType = sourcecode.c.h; path = MeInfoViewController.h; sourceTree = "<group>"; };
		83865F461C967DE7001115B3 /* MeInfoViewController.m */ = {isa = PBXFileReference; fileEncoding = 4; lastKnownFileType = sourcecode.c.objc; path = MeInfoViewController.m; sourceTree = "<group>"; };
		83865F491C96892F001115B3 /* User.h */ = {isa = PBXFileReference; fileEncoding = 4; lastKnownFileType = sourcecode.c.h; path = User.h; sourceTree = "<group>"; };
		83865F4A1C968ACC001115B3 /* User.m */ = {isa = PBXFileReference; fileEncoding = 4; lastKnownFileType = sourcecode.c.objc; path = User.m; sourceTree = "<group>"; };
		83865F4F1C9A75F9001115B3 /* NSError+custom.h */ = {isa = PBXFileReference; fileEncoding = 4; lastKnownFileType = sourcecode.c.h; path = "NSError+custom.h"; sourceTree = "<group>"; };
		83865F501C9A7614001115B3 /* NSError+custom.m */ = {isa = PBXFileReference; fileEncoding = 4; lastKnownFileType = sourcecode.c.objc; path = "NSError+custom.m"; sourceTree = "<group>"; };
		8390CFE21CAC1A4F009C1BED /* jpush-ios-2.1.0.a */ = {isa = PBXFileReference; lastKnownFileType = archive.ar; path = "jpush-ios-2.1.0.a"; sourceTree = "<group>"; };
		8390CFE31CAC1A4F009C1BED /* JPUSHService.h */ = {isa = PBXFileReference; fileEncoding = 4; lastKnownFileType = sourcecode.c.h; path = JPUSHService.h; sourceTree = "<group>"; };
		8390CFE71CAC1B1A009C1BED /* PushConfig.plist */ = {isa = PBXFileReference; fileEncoding = 4; lastKnownFileType = text.plist.xml; path = PushConfig.plist; sourceTree = "<group>"; };
		8390CFEA1CAC1E08009C1BED /* CoreTelephony.framework */ = {isa = PBXFileReference; lastKnownFileType = wrapper.framework; name = CoreTelephony.framework; path = System/Library/Frameworks/CoreTelephony.framework; sourceTree = SDKROOT; };
		8390CFEC1CAC1E0F009C1BED /* Security.framework */ = {isa = PBXFileReference; lastKnownFileType = wrapper.framework; name = Security.framework; path = System/Library/Frameworks/Security.framework; sourceTree = SDKROOT; };
		8390CFEE1CAC1E36009C1BED /* CFNetwork.framework */ = {isa = PBXFileReference; lastKnownFileType = wrapper.framework; name = CFNetwork.framework; path = System/Library/Frameworks/CFNetwork.framework; sourceTree = SDKROOT; };
		8390CFF01CAC1E43009C1BED /* CoreFoundation.framework */ = {isa = PBXFileReference; lastKnownFileType = wrapper.framework; name = CoreFoundation.framework; path = System/Library/Frameworks/CoreFoundation.framework; sourceTree = SDKROOT; };
		83BCDA451CAC351900584AF6 /* libz.tbd */ = {isa = PBXFileReference; lastKnownFileType = "sourcecode.text-based-dylib-definition"; name = libz.tbd; path = usr/lib/libz.tbd; sourceTree = SDKROOT; };
		FB0E228C1CA451830091B30C /* Address.h */ = {isa = PBXFileReference; lastKnownFileType = sourcecode.c.h; path = Address.h; sourceTree = "<group>"; };
		FB0E228D1CA451970091B30C /* Address.m */ = {isa = PBXFileReference; fileEncoding = 4; lastKnownFileType = sourcecode.c.objc; path = Address.m; sourceTree = "<group>"; };
		FB0E228F1CA4527D0091B30C /* Shipper.h */ = {isa = PBXFileReference; lastKnownFileType = sourcecode.c.h; path = Shipper.h; sourceTree = "<group>"; };
		FB0E22901CA453390091B30C /* Shipper.m */ = {isa = PBXFileReference; fileEncoding = 4; lastKnownFileType = sourcecode.c.objc; path = Shipper.m; sourceTree = "<group>"; };
		FB0E22921CA958150091B30C /* Driver.h */ = {isa = PBXFileReference; lastKnownFileType = sourcecode.c.h; path = Driver.h; sourceTree = "<group>"; };
		FB0E22931CA9581E0091B30C /* Driver.m */ = {isa = PBXFileReference; fileEncoding = 4; lastKnownFileType = sourcecode.c.objc; path = Driver.m; sourceTree = "<group>"; };
		FB0E22951CA95A210091B30C /* SubAddFreqDriverViewController.h */ = {isa = PBXFileReference; lastKnownFileType = sourcecode.c.h; path = SubAddFreqDriverViewController.h; sourceTree = "<group>"; };
		FB0E22961CA95A400091B30C /* SubAddFreqDriverViewController.m */ = {isa = PBXFileReference; fileEncoding = 4; lastKnownFileType = sourcecode.c.objc; path = SubAddFreqDriverViewController.m; sourceTree = "<group>"; };
		FB0E229B1CA979860091B30C /* SubAddDriverDtlViewController.h */ = {isa = PBXFileReference; lastKnownFileType = sourcecode.c.h; path = SubAddDriverDtlViewController.h; sourceTree = "<group>"; };
		FB0E229E1CA97A3A0091B30C /* SubAddDriverDtlViewController.m */ = {isa = PBXFileReference; fileEncoding = 4; lastKnownFileType = sourcecode.c.objc; path = SubAddDriverDtlViewController.m; sourceTree = "<group>"; };
		FB0E22A01CA98DF10091B30C /* Truck.h */ = {isa = PBXFileReference; lastKnownFileType = sourcecode.c.h; path = Truck.h; sourceTree = "<group>"; };
		FB0E22A11CA98DFC0091B30C /* Truck.m */ = {isa = PBXFileReference; fileEncoding = 4; lastKnownFileType = sourcecode.c.objc; path = Truck.m; sourceTree = "<group>"; };
		FB0E22A31CAD92640091B30C /* confirmedOrder.h */ = {isa = PBXFileReference; lastKnownFileType = sourcecode.c.h; path = confirmedOrder.h; sourceTree = "<group>"; };
		FB0E22A41CAD92740091B30C /* confirmedOrder.m */ = {isa = PBXFileReference; fileEncoding = 4; lastKnownFileType = sourcecode.c.objc; path = confirmedOrder.m; sourceTree = "<group>"; };
		FB29213C1C72FA0B0082B0B4 /* tongbao.app */ = {isa = PBXFileReference; explicitFileType = wrapper.application; includeInIndex = 0; path = tongbao.app; sourceTree = BUILT_PRODUCTS_DIR; };
		FB2921401C72FA0B0082B0B4 /* main.m */ = {isa = PBXFileReference; lastKnownFileType = sourcecode.c.objc; path = main.m; sourceTree = "<group>"; };
		FB2921421C72FA0B0082B0B4 /* AppDelegate.h */ = {isa = PBXFileReference; lastKnownFileType = sourcecode.c.h; path = AppDelegate.h; sourceTree = "<group>"; };
		FB2921431C72FA0B0082B0B4 /* AppDelegate.m */ = {isa = PBXFileReference; lastKnownFileType = sourcecode.c.objc; path = AppDelegate.m; sourceTree = "<group>"; };
		FB2921451C72FA0B0082B0B4 /* HomeViewController.h */ = {isa = PBXFileReference; lastKnownFileType = sourcecode.c.h; path = HomeViewController.h; sourceTree = "<group>"; };
		FB2921461C72FA0B0082B0B4 /* HomeViewController.m */ = {isa = PBXFileReference; lastKnownFileType = sourcecode.c.objc; path = HomeViewController.m; sourceTree = "<group>"; };
		FB2921481C72FA0B0082B0B4 /* NearbyViewController.h */ = {isa = PBXFileReference; lastKnownFileType = sourcecode.c.h; path = NearbyViewController.h; sourceTree = "<group>"; };
		FB2921491C72FA0B0082B0B4 /* NearbyViewController.m */ = {isa = PBXFileReference; lastKnownFileType = sourcecode.c.objc; path = NearbyViewController.m; sourceTree = "<group>"; };
		FB29214C1C72FA0B0082B0B4 /* Base */ = {isa = PBXFileReference; lastKnownFileType = file.storyboard; name = Base; path = Base.lproj/Main.storyboard; sourceTree = "<group>"; };
		FB29214E1C72FA0B0082B0B4 /* Assets.xcassets */ = {isa = PBXFileReference; lastKnownFileType = folder.assetcatalog; path = Assets.xcassets; sourceTree = "<group>"; };
		FB2921511C72FA0B0082B0B4 /* Base */ = {isa = PBXFileReference; lastKnownFileType = file.storyboard; name = Base; path = Base.lproj/LaunchScreen.storyboard; sourceTree = "<group>"; };
		FB2921531C72FA0B0082B0B4 /* Info.plist */ = {isa = PBXFileReference; lastKnownFileType = text.plist.xml; path = Info.plist; sourceTree = "<group>"; };
		FB2921581C72FA0C0082B0B4 /* tongbaoTests.xctest */ = {isa = PBXFileReference; explicitFileType = wrapper.cfbundle; includeInIndex = 0; path = tongbaoTests.xctest; sourceTree = BUILT_PRODUCTS_DIR; };
		FB29215C1C72FA0C0082B0B4 /* tongbaoTests.m */ = {isa = PBXFileReference; lastKnownFileType = sourcecode.c.objc; path = tongbaoTests.m; sourceTree = "<group>"; };
		FB29215E1C72FA0C0082B0B4 /* Info.plist */ = {isa = PBXFileReference; lastKnownFileType = text.plist.xml; path = Info.plist; sourceTree = "<group>"; };
		FB2921631C72FA0C0082B0B4 /* tongbaoUITests.xctest */ = {isa = PBXFileReference; explicitFileType = wrapper.cfbundle; includeInIndex = 0; path = tongbaoUITests.xctest; sourceTree = BUILT_PRODUCTS_DIR; };
		FB2921671C72FA0C0082B0B4 /* tongbaoUITests.m */ = {isa = PBXFileReference; lastKnownFileType = sourcecode.c.objc; path = tongbaoUITests.m; sourceTree = "<group>"; };
		FB2921691C72FA0C0082B0B4 /* Info.plist */ = {isa = PBXFileReference; lastKnownFileType = text.plist.xml; path = Info.plist; sourceTree = "<group>"; };
		FB3CB5BC1CB696C900A20E6D /* DriversPosition.h */ = {isa = PBXFileReference; lastKnownFileType = sourcecode.c.h; path = DriversPosition.h; sourceTree = "<group>"; };
		FB3CB5BD1CB696D700A20E6D /* DriversPosition.m */ = {isa = PBXFileReference; fileEncoding = 4; lastKnownFileType = sourcecode.c.objc; path = DriversPosition.m; sourceTree = "<group>"; };
		FB3CB5C31CB6C94800A20E6D /* pos.gif */ = {isa = PBXFileReference; lastKnownFileType = image.gif; path = pos.gif; sourceTree = "<group>"; };
		FB3CB5C51CBFC13D00A20E6D /* Comment.h */ = {isa = PBXFileReference; lastKnownFileType = sourcecode.c.h; path = Comment.h; sourceTree = "<group>"; };
		FB3CB5C61CBFC14700A20E6D /* Comment.m */ = {isa = PBXFileReference; fileEncoding = 4; lastKnownFileType = sourcecode.c.objc; path = Comment.m; sourceTree = "<group>"; };
		FB403AC51CB4CEA500F0520F /* CWStarRateView.m */ = {isa = PBXFileReference; fileEncoding = 4; lastKnownFileType = sourcecode.c.objc; path = CWStarRateView.m; sourceTree = "<group>"; };
		FB403AC71CB4CEB400F0520F /* CWStarRateView.h */ = {isa = PBXFileReference; lastKnownFileType = sourcecode.c.h; path = CWStarRateView.h; sourceTree = "<group>"; };
		FB403AC81CB4CEBF00F0520F /* b27_icon_star_yellow@2x.png */ = {isa = PBXFileReference; lastKnownFileType = image.png; path = "b27_icon_star_yellow@2x.png"; sourceTree = "<group>"; };
		FB403ACA1CB4CEC600F0520F /* b27_icon_star_gray@2x.png */ = {isa = PBXFileReference; lastKnownFileType = image.png; path = "b27_icon_star_gray@2x.png"; sourceTree = "<group>"; };
		FB403ACC1CB4D20D00F0520F /* SubEvaluateOrderViewController.h */ = {isa = PBXFileReference; lastKnownFileType = sourcecode.c.h; path = SubEvaluateOrderViewController.h; sourceTree = "<group>"; };
		FB403ACD1CB4D22300F0520F /* SubEvaluateOrderViewController.m */ = {isa = PBXFileReference; fileEncoding = 4; lastKnownFileType = sourcecode.c.objc; path = SubEvaluateOrderViewController.m; sourceTree = "<group>"; };
		FB4205101CA3E62300478BBC /* Message.h */ = {isa = PBXFileReference; lastKnownFileType = sourcecode.c.h; path = Message.h; sourceTree = "<group>"; };
		FB4205111CA3E63000478BBC /* Message.m */ = {isa = PBXFileReference; fileEncoding = 4; lastKnownFileType = sourcecode.c.objc; path = Message.m; sourceTree = "<group>"; };
		FB4205131CA3EA7300478BBC /* Order.h */ = {isa = PBXFileReference; lastKnownFileType = sourcecode.c.h; path = Order.h; sourceTree = "<group>"; };
		FB4205141CA3EA8100478BBC /* Order.m */ = {isa = PBXFileReference; fileEncoding = 4; lastKnownFileType = sourcecode.c.objc; path = Order.m; sourceTree = "<group>"; };
		FB4205161CA446B300478BBC /* SubAddFreqAddrViewController.h */ = {isa = PBXFileReference; lastKnownFileType = sourcecode.c.h; path = SubAddFreqAddrViewController.h; sourceTree = "<group>"; };
		FB4205171CA446C800478BBC /* SubAddFreqAddrViewController.m */ = {isa = PBXFileReference; fileEncoding = 4; lastKnownFileType = sourcecode.c.objc; path = SubAddFreqAddrViewController.m; sourceTree = "<group>"; };
		FB51067D1C78C0CC006991FD /* OrderViewController.h */ = {isa = PBXFileReference; lastKnownFileType = sourcecode.c.h; path = OrderViewController.h; sourceTree = "<group>"; };
		FB5106811C78C709006991FD /* SystemConfiguration.framework */ = {isa = PBXFileReference; lastKnownFileType = wrapper.framework; name = SystemConfiguration.framework; path = System/Library/Frameworks/SystemConfiguration.framework; sourceTree = SDKROOT; };
		FB5106831C78C9BC006991FD /* OrderViewController.m */ = {isa = PBXFileReference; fileEncoding = 4; lastKnownFileType = sourcecode.c.objc; path = OrderViewController.m; sourceTree = "<group>"; };
		FB5106851C78CA19006991FD /* MeViewController.h */ = {isa = PBXFileReference; lastKnownFileType = sourcecode.c.h; path = MeViewController.h; sourceTree = "<group>"; };
		FB5106861C78CA28006991FD /* MeViewController.m */ = {isa = PBXFileReference; fileEncoding = 4; lastKnownFileType = sourcecode.c.objc; path = MeViewController.m; sourceTree = "<group>"; };
		FB5106881C78F113006991FD /* MapKit.framework */ = {isa = PBXFileReference; lastKnownFileType = wrapper.framework; name = MapKit.framework; path = System/Library/Frameworks/MapKit.framework; sourceTree = SDKROOT; };
		FB54BF9A1C79889F003F1826 /* Foundation.framework */ = {isa = PBXFileReference; lastKnownFileType = wrapper.framework; name = Foundation.framework; path = System/Library/Frameworks/Foundation.framework; sourceTree = SDKROOT; };
		FB54BF9C1C7988A7003F1826 /* QuartzCore.framework */ = {isa = PBXFileReference; lastKnownFileType = wrapper.framework; name = QuartzCore.framework; path = System/Library/Frameworks/QuartzCore.framework; sourceTree = SDKROOT; };
		FB54BF9E1C7988AF003F1826 /* UIKit.framework */ = {isa = PBXFileReference; lastKnownFileType = wrapper.framework; name = UIKit.framework; path = System/Library/Frameworks/UIKit.framework; sourceTree = SDKROOT; };
		FB54BFA01C7988BD003F1826 /* CoreGraphics.framework */ = {isa = PBXFileReference; lastKnownFileType = wrapper.framework; name = CoreGraphics.framework; path = System/Library/Frameworks/CoreGraphics.framework; sourceTree = SDKROOT; };
		FB54BFA21C7A3203003F1826 /* SubMessageViewController.h */ = {isa = PBXFileReference; lastKnownFileType = sourcecode.c.h; path = SubMessageViewController.h; sourceTree = "<group>"; };
		FB54BFA31C7A321F003F1826 /* SubMessageViewController.m */ = {isa = PBXFileReference; fileEncoding = 4; lastKnownFileType = sourcecode.c.objc; path = SubMessageViewController.m; sourceTree = "<group>"; };
		FB54BFA51C7AB3F8003F1826 /* SubAddrViewController.h */ = {isa = PBXFileReference; lastKnownFileType = sourcecode.c.h; path = SubAddrViewController.h; sourceTree = "<group>"; };
		FB54BFA61C7AB41E003F1826 /* SubAddrViewController.m */ = {isa = PBXFileReference; fileEncoding = 4; lastKnownFileType = sourcecode.c.objc; path = SubAddrViewController.m; sourceTree = "<group>"; };
		FB54BFA81C7ABE0E003F1826 /* SubDriverViewController.h */ = {isa = PBXFileReference; lastKnownFileType = sourcecode.c.h; path = SubDriverViewController.h; sourceTree = "<group>"; };
		FB54BFA91C7ABE21003F1826 /* SubDriverViewController.m */ = {isa = PBXFileReference; fileEncoding = 4; lastKnownFileType = sourcecode.c.objc; path = SubDriverViewController.m; sourceTree = "<group>"; };
		FB54BFEA1C7C6E68003F1826 /* SubAboutViewController.h */ = {isa = PBXFileReference; lastKnownFileType = sourcecode.c.h; path = SubAboutViewController.h; sourceTree = "<group>"; };
		FB54BFEB1C7C6EAF003F1826 /* SubAboutViewController.m */ = {isa = PBXFileReference; fileEncoding = 4; lastKnownFileType = sourcecode.c.objc; path = SubAboutViewController.m; sourceTree = "<group>"; };
		FB54BFED1C7DC5BE003F1826 /* SubChooseCarViewController.h */ = {isa = PBXFileReference; lastKnownFileType = sourcecode.c.h; path = SubChooseCarViewController.h; sourceTree = "<group>"; };
		FB54BFEE1C7DC5D6003F1826 /* SubChooseCarViewController.m */ = {isa = PBXFileReference; fileEncoding = 4; lastKnownFileType = sourcecode.c.objc; path = SubChooseCarViewController.m; sourceTree = "<group>"; };
		FB6CA19C1C8D786A009AE70F /* AFHTTPSessionManager.h */ = {isa = PBXFileReference; fileEncoding = 4; lastKnownFileType = sourcecode.c.h; path = AFHTTPSessionManager.h; sourceTree = "<group>"; };
		FB6CA19D1C8D786A009AE70F /* AFHTTPSessionManager.m */ = {isa = PBXFileReference; fileEncoding = 4; lastKnownFileType = sourcecode.c.objc; path = AFHTTPSessionManager.m; sourceTree = "<group>"; };
		FB6CA19E1C8D786A009AE70F /* AFNetworking.h */ = {isa = PBXFileReference; fileEncoding = 4; lastKnownFileType = sourcecode.c.h; path = AFNetworking.h; sourceTree = "<group>"; };
		FB6CA19F1C8D786A009AE70F /* AFNetworkReachabilityManager.h */ = {isa = PBXFileReference; fileEncoding = 4; lastKnownFileType = sourcecode.c.h; path = AFNetworkReachabilityManager.h; sourceTree = "<group>"; };
		FB6CA1A01C8D786A009AE70F /* AFNetworkReachabilityManager.m */ = {isa = PBXFileReference; fileEncoding = 4; lastKnownFileType = sourcecode.c.objc; path = AFNetworkReachabilityManager.m; sourceTree = "<group>"; };
		FB6CA1A11C8D786A009AE70F /* AFSecurityPolicy.h */ = {isa = PBXFileReference; fileEncoding = 4; lastKnownFileType = sourcecode.c.h; path = AFSecurityPolicy.h; sourceTree = "<group>"; };
		FB6CA1A21C8D786A009AE70F /* AFSecurityPolicy.m */ = {isa = PBXFileReference; fileEncoding = 4; lastKnownFileType = sourcecode.c.objc; path = AFSecurityPolicy.m; sourceTree = "<group>"; };
		FB6CA1A31C8D786A009AE70F /* AFURLRequestSerialization.h */ = {isa = PBXFileReference; fileEncoding = 4; lastKnownFileType = sourcecode.c.h; path = AFURLRequestSerialization.h; sourceTree = "<group>"; };
		FB6CA1A41C8D786A009AE70F /* AFURLRequestSerialization.m */ = {isa = PBXFileReference; fileEncoding = 4; lastKnownFileType = sourcecode.c.objc; path = AFURLRequestSerialization.m; sourceTree = "<group>"; };
		FB6CA1A51C8D786A009AE70F /* AFURLResponseSerialization.h */ = {isa = PBXFileReference; fileEncoding = 4; lastKnownFileType = sourcecode.c.h; path = AFURLResponseSerialization.h; sourceTree = "<group>"; };
		FB6CA1A61C8D786A009AE70F /* AFURLResponseSerialization.m */ = {isa = PBXFileReference; fileEncoding = 4; lastKnownFileType = sourcecode.c.objc; path = AFURLResponseSerialization.m; sourceTree = "<group>"; };
		FB6CA1A71C8D786A009AE70F /* AFURLSessionManager.h */ = {isa = PBXFileReference; fileEncoding = 4; lastKnownFileType = sourcecode.c.h; path = AFURLSessionManager.h; sourceTree = "<group>"; };
		FB6CA1A81C8D786A009AE70F /* AFURLSessionManager.m */ = {isa = PBXFileReference; fileEncoding = 4; lastKnownFileType = sourcecode.c.objc; path = AFURLSessionManager.m; sourceTree = "<group>"; };
		FB6CA1F01C931EBA009AE70F /* TabBarViewController.h */ = {isa = PBXFileReference; lastKnownFileType = sourcecode.c.h; path = TabBarViewController.h; sourceTree = "<group>"; };
		FB6CA1F11C931ED3009AE70F /* TabBarViewController.m */ = {isa = PBXFileReference; fileEncoding = 4; lastKnownFileType = sourcecode.c.objc; path = TabBarViewController.m; sourceTree = "<group>"; };
		FB85045B1C80C9E6008E25E1 /* RequestViewController.h */ = {isa = PBXFileReference; lastKnownFileType = sourcecode.c.h; path = RequestViewController.h; sourceTree = "<group>"; };
		FB85045C1C80C9F8008E25E1 /* RequestViewController.m */ = {isa = PBXFileReference; fileEncoding = 4; lastKnownFileType = sourcecode.c.objc; path = RequestViewController.m; sourceTree = "<group>"; };
		FB85045E1C82B1C0008E25E1 /* SubEditFreqAddrViewController.h */ = {isa = PBXFileReference; lastKnownFileType = sourcecode.c.h; path = SubEditFreqAddrViewController.h; sourceTree = "<group>"; };
		FB85045F1C82B1D7008E25E1 /* SubEditFreqAddrViewController.m */ = {isa = PBXFileReference; fileEncoding = 4; lastKnownFileType = sourcecode.c.objc; path = SubEditFreqAddrViewController.m; sourceTree = "<group>"; };
		FB8504611C82E6C0008E25E1 /* SubDriverDtlViewController.h */ = {isa = PBXFileReference; lastKnownFileType = sourcecode.c.h; path = SubDriverDtlViewController.h; sourceTree = "<group>"; };
		FB8504621C82E6D6008E25E1 /* SubDriverDtlViewController.m */ = {isa = PBXFileReference; fileEncoding = 4; lastKnownFileType = sourcecode.c.objc; path = SubDriverDtlViewController.m; sourceTree = "<group>"; };
		FB8504681C83F40C008E25E1 /* SubMsgDtlViewController.h */ = {isa = PBXFileReference; lastKnownFileType = sourcecode.c.h; path = SubMsgDtlViewController.h; sourceTree = "<group>"; };
		FB8504691C83F422008E25E1 /* SubMsgDtlViewController.m */ = {isa = PBXFileReference; fileEncoding = 4; lastKnownFileType = sourcecode.c.objc; path = SubMsgDtlViewController.m; sourceTree = "<group>"; };
		FB85046B1C84654D008E25E1 /* SubOrderDtlViewController.h */ = {isa = PBXFileReference; lastKnownFileType = sourcecode.c.h; path = SubOrderDtlViewController.h; sourceTree = "<group>"; };
		FB85046C1C846563008E25E1 /* SubOrderDtlViewController.m */ = {isa = PBXFileReference; fileEncoding = 4; lastKnownFileType = sourcecode.c.objc; path = SubOrderDtlViewController.m; sourceTree = "<group>"; };
		FBEAF77F1C7E0FE90063A913 /* CoreLocation.framework */ = {isa = PBXFileReference; lastKnownFileType = wrapper.framework; name = CoreLocation.framework; path = System/Library/Frameworks/CoreLocation.framework; sourceTree = SDKROOT; };
		FBEAF7851C7F18780063A913 /* SubChooseAddrViewController.h */ = {isa = PBXFileReference; lastKnownFileType = sourcecode.c.h; path = SubChooseAddrViewController.h; sourceTree = "<group>"; };
		FBEAF7861C7F18890063A913 /* SubChooseAddrViewController.m */ = {isa = PBXFileReference; fileEncoding = 4; lastKnownFileType = sourcecode.c.objc; path = SubChooseAddrViewController.m; sourceTree = "<group>"; };
/* End PBXFileReference section */

/* Begin PBXFrameworksBuildPhase section */
		FB2921391C72FA0B0082B0B4 /* Frameworks */ = {
			isa = PBXFrameworksBuildPhase;
			buildActionMask = 2147483647;
			files = (
				83BCDA461CAC351900584AF6 /* libz.tbd in Frameworks */,
				FB54BF9B1C79889F003F1826 /* Foundation.framework in Frameworks */,
				FB54BFA11C7988BD003F1826 /* CoreGraphics.framework in Frameworks */,
				FB5106821C78C709006991FD /* SystemConfiguration.framework in Frameworks */,
				8390CFF11CAC1E43009C1BED /* CoreFoundation.framework in Frameworks */,
				8390CFEF1CAC1E36009C1BED /* CFNetwork.framework in Frameworks */,
				8390CFED1CAC1E0F009C1BED /* Security.framework in Frameworks */,
				8390CFEB1CAC1E08009C1BED /* CoreTelephony.framework in Frameworks */,
				FBEAF7801C7E0FE90063A913 /* CoreLocation.framework in Frameworks */,
				FB54BF9F1C7988AF003F1826 /* UIKit.framework in Frameworks */,
				FB54BF9D1C7988A7003F1826 /* QuartzCore.framework in Frameworks */,
				FB5106891C78F113006991FD /* MapKit.framework in Frameworks */,
				8390CFE41CAC1A4F009C1BED /* jpush-ios-2.1.0.a in Frameworks */,
			);
			runOnlyForDeploymentPostprocessing = 0;
		};
		FB2921551C72FA0C0082B0B4 /* Frameworks */ = {
			isa = PBXFrameworksBuildPhase;
			buildActionMask = 2147483647;
			files = (
			);
			runOnlyForDeploymentPostprocessing = 0;
		};
		FB2921601C72FA0C0082B0B4 /* Frameworks */ = {
			isa = PBXFrameworksBuildPhase;
			buildActionMask = 2147483647;
			files = (
			);
			runOnlyForDeploymentPostprocessing = 0;
		};
/* End PBXFrameworksBuildPhase section */

/* Begin PBXGroup section */
		83865F481C968917001115B3 /* Model */ = {
			isa = PBXGroup;
			children = (
				83865F491C96892F001115B3 /* User.h */,
				83865F4A1C968ACC001115B3 /* User.m */,
				FB0E22A31CAD92640091B30C /* confirmedOrder.h */,
				FB0E22A41CAD92740091B30C /* confirmedOrder.m */,
				FB3CB5C51CBFC13D00A20E6D /* Comment.h */,
				FB3CB5C61CBFC14700A20E6D /* Comment.m */,
				FB0E228F1CA4527D0091B30C /* Shipper.h */,
				FB0E22901CA453390091B30C /* Shipper.m */,
				FB3CB5BC1CB696C900A20E6D /* DriversPosition.h */,
				FB3CB5BD1CB696D700A20E6D /* DriversPosition.m */,
				FB0E228C1CA451830091B30C /* Address.h */,
				FB0E228D1CA451970091B30C /* Address.m */,
				8306A5BF1CA3C2B3008ADD3B /* Bill.h */,
				8306A5C01CA3C2EB008ADD3B /* Bil.m */,
				FB4205131CA3EA7300478BBC /* Order.h */,
				FB4205141CA3EA8100478BBC /* Order.m */,
				FB0E22921CA958150091B30C /* Driver.h */,
				FB0E22931CA9581E0091B30C /* Driver.m */,
				FB4205101CA3E62300478BBC /* Message.h */,
				FB4205111CA3E63000478BBC /* Message.m */,
				FB0E22A01CA98DF10091B30C /* Truck.h */,
				FB0E22A11CA98DFC0091B30C /* Truck.m */,
			);
			name = Model;
			sourceTree = "<group>";
		};
		83865F4C1C968CA6001115B3 /* LoginRegisterView */ = {
			isa = PBXGroup;
			children = (
				83865F421C96670E001115B3 /* RegisterViewController.h */,
				83865F431C96672C001115B3 /* RegisterViewController.m */,
				83865F401C9664D3001115B3 /* LoginViewController.m */,
				83865F3F1C9664B0001115B3 /* LoginViewController.h */,
			);
			name = LoginRegisterView;
			sourceTree = "<group>";
		};
		83865F4D1C9A75D3001115B3 /* Catogory */ = {
			isa = PBXGroup;
			children = (
				83865F4F1C9A75F9001115B3 /* NSError+custom.h */,
				83865F501C9A7614001115B3 /* NSError+custom.m */,
			);
			name = Catogory;
			sourceTree = "<group>";
		};
		8390CFE91CAC1C27009C1BED /* pushlib */ = {
			isa = PBXGroup;
			children = (
				8390CFE21CAC1A4F009C1BED /* jpush-ios-2.1.0.a */,
				8390CFE31CAC1A4F009C1BED /* JPUSHService.h */,
			);
			name = pushlib;
			sourceTree = "<group>";
		};
		FB2921331C72FA0B0082B0B4 = {
			isa = PBXGroup;
			children = (
				83BCDA451CAC351900584AF6 /* libz.tbd */,
				8390CFF01CAC1E43009C1BED /* CoreFoundation.framework */,
				8390CFEE1CAC1E36009C1BED /* CFNetwork.framework */,
				8390CFEC1CAC1E0F009C1BED /* Security.framework */,
				8390CFEA1CAC1E08009C1BED /* CoreTelephony.framework */,
				8390CFE91CAC1C27009C1BED /* pushlib */,
				FBEAF77F1C7E0FE90063A913 /* CoreLocation.framework */,
				FB54BFA01C7988BD003F1826 /* CoreGraphics.framework */,
				FB54BF9E1C7988AF003F1826 /* UIKit.framework */,
				FB54BF9C1C7988A7003F1826 /* QuartzCore.framework */,
				FB54BF9A1C79889F003F1826 /* Foundation.framework */,
				FB5106881C78F113006991FD /* MapKit.framework */,
				FB5106811C78C709006991FD /* SystemConfiguration.framework */,
				FB29213E1C72FA0B0082B0B4 /* tongbao */,
				FB29215B1C72FA0C0082B0B4 /* tongbaoTests */,
				FB2921661C72FA0C0082B0B4 /* tongbaoUITests */,
				FB29213D1C72FA0B0082B0B4 /* Products */,
			);
			sourceTree = "<group>";
		};
		FB29213D1C72FA0B0082B0B4 /* Products */ = {
			isa = PBXGroup;
			children = (
				FB29213C1C72FA0B0082B0B4 /* tongbao.app */,
				FB2921581C72FA0C0082B0B4 /* tongbaoTests.xctest */,
				FB2921631C72FA0C0082B0B4 /* tongbaoUITests.xctest */,
			);
			name = Products;
			sourceTree = "<group>";
		};
		FB29213E1C72FA0B0082B0B4 /* tongbao */ = {
			isa = PBXGroup;
			children = (
				FB403AC41CB4CE6300F0520F /* CWStarRateView */,
				83865F4D1C9A75D3001115B3 /* Catogory */,
				83865F481C968917001115B3 /* Model */,
				83865F4C1C968CA6001115B3 /* LoginRegisterView */,
				FB6CA19B1C8D786A009AE70F /* AFNetworking */,
				FB85046E1C849E0F008E25E1 /* HomeViewSub */,
				FB8504711C849F58008E25E1 /* NearbyViewSub */,
				FB85046F1C849EBE008E25E1 /* OrderViewSub */,
				FB8504701C849F02008E25E1 /* MeViewSub */,
				FB2921421C72FA0B0082B0B4 /* AppDelegate.h */,
				FB2921431C72FA0B0082B0B4 /* AppDelegate.m */,
				FB2921451C72FA0B0082B0B4 /* HomeViewController.h */,
				FB2921461C72FA0B0082B0B4 /* HomeViewController.m */,
				FB2921481C72FA0B0082B0B4 /* NearbyViewController.h */,
				FB2921491C72FA0B0082B0B4 /* NearbyViewController.m */,
				FB51067D1C78C0CC006991FD /* OrderViewController.h */,
				FB5106831C78C9BC006991FD /* OrderViewController.m */,
				FB5106851C78CA19006991FD /* MeViewController.h */,
				FB5106861C78CA28006991FD /* MeViewController.m */,
				FB6CA1F01C931EBA009AE70F /* TabBarViewController.h */,
				FB6CA1F11C931ED3009AE70F /* TabBarViewController.m */,
				FB29214B1C72FA0B0082B0B4 /* Main.storyboard */,
				FB2921501C72FA0B0082B0B4 /* LaunchScreen.storyboard */,
				FB2921531C72FA0B0082B0B4 /* Info.plist */,
				8390CFE71CAC1B1A009C1BED /* PushConfig.plist */,
				FB29214E1C72FA0B0082B0B4 /* Assets.xcassets */,
				FB29213F1C72FA0B0082B0B4 /* Supporting Files */,
			);
			path = tongbao;
			sourceTree = "<group>";
		};
		FB29213F1C72FA0B0082B0B4 /* Supporting Files */ = {
			isa = PBXGroup;
			children = (
				FB3CB5C31CB6C94800A20E6D /* pos.gif */,
				FB2921401C72FA0B0082B0B4 /* main.m */,
			);
			name = "Supporting Files";
			sourceTree = "<group>";
		};
		FB29215B1C72FA0C0082B0B4 /* tongbaoTests */ = {
			isa = PBXGroup;
			children = (
				FB29215C1C72FA0C0082B0B4 /* tongbaoTests.m */,
				FB29215E1C72FA0C0082B0B4 /* Info.plist */,
			);
			path = tongbaoTests;
			sourceTree = "<group>";
		};
		FB2921661C72FA0C0082B0B4 /* tongbaoUITests */ = {
			isa = PBXGroup;
			children = (
				FB2921671C72FA0C0082B0B4 /* tongbaoUITests.m */,
				FB2921691C72FA0C0082B0B4 /* Info.plist */,
			);
			path = tongbaoUITests;
			sourceTree = "<group>";
		};
		FB403AC41CB4CE6300F0520F /* CWStarRateView */ = {
			isa = PBXGroup;
			children = (
				FB403ACA1CB4CEC600F0520F /* b27_icon_star_gray@2x.png */,
				FB403AC81CB4CEBF00F0520F /* b27_icon_star_yellow@2x.png */,
				FB403AC51CB4CEA500F0520F /* CWStarRateView.m */,
				FB403AC71CB4CEB400F0520F /* CWStarRateView.h */,
			);
			name = CWStarRateView;
			sourceTree = "<group>";
		};
		FB6CA19B1C8D786A009AE70F /* AFNetworking */ = {
			isa = PBXGroup;
			children = (
				FB6CA19C1C8D786A009AE70F /* AFHTTPSessionManager.h */,
				FB6CA19D1C8D786A009AE70F /* AFHTTPSessionManager.m */,
				FB6CA19E1C8D786A009AE70F /* AFNetworking.h */,
				FB6CA19F1C8D786A009AE70F /* AFNetworkReachabilityManager.h */,
				FB6CA1A01C8D786A009AE70F /* AFNetworkReachabilityManager.m */,
				FB6CA1A11C8D786A009AE70F /* AFSecurityPolicy.h */,
				FB6CA1A21C8D786A009AE70F /* AFSecurityPolicy.m */,
				FB6CA1A31C8D786A009AE70F /* AFURLRequestSerialization.h */,
				FB6CA1A41C8D786A009AE70F /* AFURLRequestSerialization.m */,
				FB6CA1A51C8D786A009AE70F /* AFURLResponseSerialization.h */,
				FB6CA1A61C8D786A009AE70F /* AFURLResponseSerialization.m */,
				FB6CA1A71C8D786A009AE70F /* AFURLSessionManager.h */,
				FB6CA1A81C8D786A009AE70F /* AFURLSessionManager.m */,
			);
			path = AFNetworking;
			sourceTree = "<group>";
		};
		FB85046E1C849E0F008E25E1 /* HomeViewSub */ = {
			isa = PBXGroup;
			children = (
				FB54BFA21C7A3203003F1826 /* SubMessageViewController.h */,
				FB54BFA31C7A321F003F1826 /* SubMessageViewController.m */,
				FB54BFA51C7AB3F8003F1826 /* SubAddrViewController.h */,
				FB54BFA61C7AB41E003F1826 /* SubAddrViewController.m */,
				FB54BFA81C7ABE0E003F1826 /* SubDriverViewController.h */,
				FB54BFA91C7ABE21003F1826 /* SubDriverViewController.m */,
				FB85045E1C82B1C0008E25E1 /* SubEditFreqAddrViewController.h */,
				FB85045F1C82B1D7008E25E1 /* SubEditFreqAddrViewController.m */,
				FB4205161CA446B300478BBC /* SubAddFreqAddrViewController.h */,
				FB4205171CA446C800478BBC /* SubAddFreqAddrViewController.m */,
				FB8504681C83F40C008E25E1 /* SubMsgDtlViewController.h */,
				FB8504691C83F422008E25E1 /* SubMsgDtlViewController.m */,
				FB8504611C82E6C0008E25E1 /* SubDriverDtlViewController.h */,
				FB8504621C82E6D6008E25E1 /* SubDriverDtlViewController.m */,
				FB0E229B1CA979860091B30C /* SubAddDriverDtlViewController.h */,
				FB0E229E1CA97A3A0091B30C /* SubAddDriverDtlViewController.m */,
				FB0E22951CA95A210091B30C /* SubAddFreqDriverViewController.h */,
				FB0E22961CA95A400091B30C /* SubAddFreqDriverViewController.m */,
				FB85045B1C80C9E6008E25E1 /* RequestViewController.h */,
				FB85045C1C80C9F8008E25E1 /* RequestViewController.m */,
				FB54BFED1C7DC5BE003F1826 /* SubChooseCarViewController.h */,
				FB54BFEE1C7DC5D6003F1826 /* SubChooseCarViewController.m */,
			);
			name = HomeViewSub;
			sourceTree = "<group>";
		};
		FB85046F1C849EBE008E25E1 /* OrderViewSub */ = {
			isa = PBXGroup;
			children = (
				FB85046B1C84654D008E25E1 /* SubOrderDtlViewController.h */,
				FB85046C1C846563008E25E1 /* SubOrderDtlViewController.m */,
				FB403ACC1CB4D20D00F0520F /* SubEvaluateOrderViewController.h */,
				FB403ACD1CB4D22300F0520F /* SubEvaluateOrderViewController.m */,
			);
			name = OrderViewSub;
			sourceTree = "<group>";
		};
		FB8504701C849F02008E25E1 /* MeViewSub */ = {
			isa = PBXGroup;
			children = (
				FB54BFEA1C7C6E68003F1826 /* SubAboutViewController.h */,
				FB54BFEB1C7C6EAF003F1826 /* SubAboutViewController.m */,
				83865F451C967DCB001115B3 /* MeInfoViewController.h */,
				83865F461C967DE7001115B3 /* MeInfoViewController.m */,
				83236D201CA3B88800C83F65 /* WalletViewController.h */,
				83236D211CA3B8A400C83F65 /* WalletViewController.m */,
			);
			name = MeViewSub;
			sourceTree = "<group>";
		};
		FB8504711C849F58008E25E1 /* NearbyViewSub */ = {
			isa = PBXGroup;
			children = (
				FBEAF7851C7F18780063A913 /* SubChooseAddrViewController.h */,
				FBEAF7861C7F18890063A913 /* SubChooseAddrViewController.m */,
			);
			name = NearbyViewSub;
			sourceTree = "<group>";
		};
/* End PBXGroup section */

/* Begin PBXNativeTarget section */
		FB29213B1C72FA0B0082B0B4 /* tongbao */ = {
			isa = PBXNativeTarget;
			buildConfigurationList = FB29216C1C72FA0C0082B0B4 /* Build configuration list for PBXNativeTarget "tongbao" */;
			buildPhases = (
				FB2921381C72FA0B0082B0B4 /* Sources */,
				FB2921391C72FA0B0082B0B4 /* Frameworks */,
				FB29213A1C72FA0B0082B0B4 /* Resources */,
			);
			buildRules = (
			);
			dependencies = (
			);
			name = tongbao;
			productName = tongbao;
			productReference = FB29213C1C72FA0B0082B0B4 /* tongbao.app */;
			productType = "com.apple.product-type.application";
		};
		FB2921571C72FA0C0082B0B4 /* tongbaoTests */ = {
			isa = PBXNativeTarget;
			buildConfigurationList = FB29216F1C72FA0C0082B0B4 /* Build configuration list for PBXNativeTarget "tongbaoTests" */;
			buildPhases = (
				FB2921541C72FA0C0082B0B4 /* Sources */,
				FB2921551C72FA0C0082B0B4 /* Frameworks */,
				FB2921561C72FA0C0082B0B4 /* Resources */,
			);
			buildRules = (
			);
			dependencies = (
				FB29215A1C72FA0C0082B0B4 /* PBXTargetDependency */,
			);
			name = tongbaoTests;
			productName = tongbaoTests;
			productReference = FB2921581C72FA0C0082B0B4 /* tongbaoTests.xctest */;
			productType = "com.apple.product-type.bundle.unit-test";
		};
		FB2921621C72FA0C0082B0B4 /* tongbaoUITests */ = {
			isa = PBXNativeTarget;
			buildConfigurationList = FB2921721C72FA0C0082B0B4 /* Build configuration list for PBXNativeTarget "tongbaoUITests" */;
			buildPhases = (
				FB29215F1C72FA0C0082B0B4 /* Sources */,
				FB2921601C72FA0C0082B0B4 /* Frameworks */,
				FB2921611C72FA0C0082B0B4 /* Resources */,
			);
			buildRules = (
			);
			dependencies = (
				FB2921651C72FA0C0082B0B4 /* PBXTargetDependency */,
			);
			name = tongbaoUITests;
			productName = tongbaoUITests;
			productReference = FB2921631C72FA0C0082B0B4 /* tongbaoUITests.xctest */;
			productType = "com.apple.product-type.bundle.ui-testing";
		};
/* End PBXNativeTarget section */

/* Begin PBXProject section */
		FB2921341C72FA0B0082B0B4 /* Project object */ = {
			isa = PBXProject;
			attributes = {
				LastUpgradeCheck = 0720;
				ORGANIZATIONNAME = ZX;
				TargetAttributes = {
					FB29213B1C72FA0B0082B0B4 = {
						CreatedOnToolsVersion = 7.2;
						SystemCapabilities = {
							com.apple.BackgroundModes = {
								enabled = 1;
							};
							com.apple.Push = {
								enabled = 1;
							};
						};
					};
					FB2921571C72FA0C0082B0B4 = {
						CreatedOnToolsVersion = 7.2;
						TestTargetID = FB29213B1C72FA0B0082B0B4;
					};
					FB2921621C72FA0C0082B0B4 = {
						CreatedOnToolsVersion = 7.2;
						TestTargetID = FB29213B1C72FA0B0082B0B4;
					};
				};
			};
			buildConfigurationList = FB2921371C72FA0B0082B0B4 /* Build configuration list for PBXProject "tongbao" */;
			compatibilityVersion = "Xcode 3.2";
			developmentRegion = English;
			hasScannedForEncodings = 0;
			knownRegions = (
				en,
				Base,
			);
			mainGroup = FB2921331C72FA0B0082B0B4;
			productRefGroup = FB29213D1C72FA0B0082B0B4 /* Products */;
			projectDirPath = "";
			projectRoot = "";
			targets = (
				FB29213B1C72FA0B0082B0B4 /* tongbao */,
				FB2921571C72FA0C0082B0B4 /* tongbaoTests */,
				FB2921621C72FA0C0082B0B4 /* tongbaoUITests */,
			);
		};
/* End PBXProject section */

/* Begin PBXResourcesBuildPhase section */
		FB29213A1C72FA0B0082B0B4 /* Resources */ = {
			isa = PBXResourcesBuildPhase;
			buildActionMask = 2147483647;
			files = (
				FB403ACB1CB4CEC600F0520F /* b27_icon_star_gray@2x.png in Resources */,
				FB2921521C72FA0B0082B0B4 /* LaunchScreen.storyboard in Resources */,
				FB403AC91CB4CEBF00F0520F /* b27_icon_star_yellow@2x.png in Resources */,
				FB29214F1C72FA0B0082B0B4 /* Assets.xcassets in Resources */,
				FB29214D1C72FA0B0082B0B4 /* Main.storyboard in Resources */,
				8390CFE81CAC1B1A009C1BED /* PushConfig.plist in Resources */,
				FB3CB5C41CB6C94800A20E6D /* pos.gif in Resources */,
			);
			runOnlyForDeploymentPostprocessing = 0;
		};
		FB2921561C72FA0C0082B0B4 /* Resources */ = {
			isa = PBXResourcesBuildPhase;
			buildActionMask = 2147483647;
			files = (
			);
			runOnlyForDeploymentPostprocessing = 0;
		};
		FB2921611C72FA0C0082B0B4 /* Resources */ = {
			isa = PBXResourcesBuildPhase;
			buildActionMask = 2147483647;
			files = (
			);
			runOnlyForDeploymentPostprocessing = 0;
		};
/* End PBXResourcesBuildPhase section */

/* Begin PBXSourcesBuildPhase section */
		FB2921381C72FA0B0082B0B4 /* Sources */ = {
			isa = PBXSourcesBuildPhase;
			buildActionMask = 2147483647;
			files = (
				FB3CB5BE1CB696D700A20E6D /* DriversPosition.m in Sources */,
				FB8504631C82E6D6008E25E1 /* SubDriverDtlViewController.m in Sources */,
				FB0E229F1CA97A3A0091B30C /* SubAddDriverDtlViewController.m in Sources */,
				FB6CA1A91C8D786A009AE70F /* AFHTTPSessionManager.m in Sources */,
				FB0E22A21CA98DFC0091B30C /* Truck.m in Sources */,
				83865F511C9A7614001115B3 /* NSError+custom.m in Sources */,
				83865F411C9664D3001115B3 /* LoginViewController.m in Sources */,
				FB6CA1AA1C8D786A009AE70F /* AFNetworkReachabilityManager.m in Sources */,
				83865F441C96672C001115B3 /* RegisterViewController.m in Sources */,
				FB54BFEC1C7C6EAF003F1826 /* SubAboutViewController.m in Sources */,
				83236D221CA3B8A400C83F65 /* WalletViewController.m in Sources */,
				83865F471C967DE7001115B3 /* MeInfoViewController.m in Sources */,
				FB0E22941CA9581E0091B30C /* Driver.m in Sources */,
				FB0E22A51CAD92740091B30C /* confirmedOrder.m in Sources */,
				FB29214A1C72FA0B0082B0B4 /* NearbyViewController.m in Sources */,
				FB54BFAA1C7ABE21003F1826 /* SubDriverViewController.m in Sources */,
				FB5106841C78C9BC006991FD /* OrderViewController.m in Sources */,
				FB6CA1AC1C8D786A009AE70F /* AFURLRequestSerialization.m in Sources */,
				FB6CA1AB1C8D786A009AE70F /* AFSecurityPolicy.m in Sources */,
				FB6CA1AE1C8D786A009AE70F /* AFURLSessionManager.m in Sources */,
				FB5106871C78CA28006991FD /* MeViewController.m in Sources */,
				FB54BFA41C7A321F003F1826 /* SubMessageViewController.m in Sources */,
				FB54BFA71C7AB41E003F1826 /* SubAddrViewController.m in Sources */,
				FB0E228E1CA451970091B30C /* Address.m in Sources */,
				FB4205151CA3EA8100478BBC /* Order.m in Sources */,
				FB54BFEF1C7DC5D6003F1826 /* SubChooseCarViewController.m in Sources */,
				FB85045D1C80C9F8008E25E1 /* RequestViewController.m in Sources */,
				FB2921441C72FA0B0082B0B4 /* AppDelegate.m in Sources */,
				FBEAF7871C7F18890063A913 /* SubChooseAddrViewController.m in Sources */,
				FB8504601C82B1D7008E25E1 /* SubEditFreqAddrViewController.m in Sources */,
				8306A5C11CA3C2EB008ADD3B /* Bil.m in Sources */,
				FB85046D1C846563008E25E1 /* SubOrderDtlViewController.m in Sources */,
				FB2921471C72FA0B0082B0B4 /* HomeViewController.m in Sources */,
				FB403ACE1CB4D22300F0520F /* SubEvaluateOrderViewController.m in Sources */,
				FB6CA1F21C931ED3009AE70F /* TabBarViewController.m in Sources */,
				FB4205181CA446C800478BBC /* SubAddFreqAddrViewController.m in Sources */,
				FB0E22971CA95A400091B30C /* SubAddFreqDriverViewController.m in Sources */,
				83865F4B1C968ACC001115B3 /* User.m in Sources */,
				FB85046A1C83F422008E25E1 /* SubMsgDtlViewController.m in Sources */,
				FB2921411C72FA0B0082B0B4 /* main.m in Sources */,
				FB4205121CA3E63000478BBC /* Message.m in Sources */,
				FB6CA1AD1C8D786A009AE70F /* AFURLResponseSerialization.m in Sources */,
				FB403AC61CB4CEA500F0520F /* CWStarRateView.m in Sources */,
				FB3CB5C71CBFC14700A20E6D /* Comment.m in Sources */,
				FB0E22911CA453390091B30C /* Shipper.m in Sources */,
			);
			runOnlyForDeploymentPostprocessing = 0;
		};
		FB2921541C72FA0C0082B0B4 /* Sources */ = {
			isa = PBXSourcesBuildPhase;
			buildActionMask = 2147483647;
			files = (
				FB29215D1C72FA0C0082B0B4 /* tongbaoTests.m in Sources */,
			);
			runOnlyForDeploymentPostprocessing = 0;
		};
		FB29215F1C72FA0C0082B0B4 /* Sources */ = {
			isa = PBXSourcesBuildPhase;
			buildActionMask = 2147483647;
			files = (
				FB2921681C72FA0C0082B0B4 /* tongbaoUITests.m in Sources */,
			);
			runOnlyForDeploymentPostprocessing = 0;
		};
/* End PBXSourcesBuildPhase section */

/* Begin PBXTargetDependency section */
		FB29215A1C72FA0C0082B0B4 /* PBXTargetDependency */ = {
			isa = PBXTargetDependency;
			target = FB29213B1C72FA0B0082B0B4 /* tongbao */;
			targetProxy = FB2921591C72FA0C0082B0B4 /* PBXContainerItemProxy */;
		};
		FB2921651C72FA0C0082B0B4 /* PBXTargetDependency */ = {
			isa = PBXTargetDependency;
			target = FB29213B1C72FA0B0082B0B4 /* tongbao */;
			targetProxy = FB2921641C72FA0C0082B0B4 /* PBXContainerItemProxy */;
		};
/* End PBXTargetDependency section */

/* Begin PBXVariantGroup section */
		FB29214B1C72FA0B0082B0B4 /* Main.storyboard */ = {
			isa = PBXVariantGroup;
			children = (
				FB29214C1C72FA0B0082B0B4 /* Base */,
			);
			name = Main.storyboard;
			sourceTree = "<group>";
		};
		FB2921501C72FA0B0082B0B4 /* LaunchScreen.storyboard */ = {
			isa = PBXVariantGroup;
			children = (
				FB2921511C72FA0B0082B0B4 /* Base */,
			);
			name = LaunchScreen.storyboard;
			sourceTree = "<group>";
		};
/* End PBXVariantGroup section */

/* Begin XCBuildConfiguration section */
		FB29216A1C72FA0C0082B0B4 /* Debug */ = {
			isa = XCBuildConfiguration;
			buildSettings = {
				ALWAYS_SEARCH_USER_PATHS = NO;
				CLANG_CXX_LANGUAGE_STANDARD = "gnu++0x";
				CLANG_CXX_LIBRARY = "libc++";
				CLANG_ENABLE_MODULES = YES;
				CLANG_ENABLE_OBJC_ARC = YES;
				CLANG_WARN_BOOL_CONVERSION = YES;
				CLANG_WARN_CONSTANT_CONVERSION = YES;
				CLANG_WARN_DIRECT_OBJC_ISA_USAGE = YES_ERROR;
				CLANG_WARN_EMPTY_BODY = YES;
				CLANG_WARN_ENUM_CONVERSION = YES;
				CLANG_WARN_INT_CONVERSION = YES;
				CLANG_WARN_OBJC_ROOT_CLASS = YES_ERROR;
				CLANG_WARN_UNREACHABLE_CODE = YES;
				CLANG_WARN__DUPLICATE_METHOD_MATCH = YES;
				"CODE_SIGN_IDENTITY[sdk=iphoneos*]" = "iPhone Developer";
				COPY_PHASE_STRIP = NO;
				DEBUG_INFORMATION_FORMAT = dwarf;
				ENABLE_STRICT_OBJC_MSGSEND = YES;
				ENABLE_TESTABILITY = YES;
				GCC_C_LANGUAGE_STANDARD = gnu99;
				GCC_DYNAMIC_NO_PIC = NO;
				GCC_NO_COMMON_BLOCKS = YES;
				GCC_OPTIMIZATION_LEVEL = 0;
				GCC_PREPROCESSOR_DEFINITIONS = (
					"DEBUG=1",
					"$(inherited)",
				);
				GCC_WARN_64_TO_32_BIT_CONVERSION = YES;
				GCC_WARN_ABOUT_RETURN_TYPE = YES_ERROR;
				GCC_WARN_UNDECLARED_SELECTOR = YES;
				GCC_WARN_UNINITIALIZED_AUTOS = YES_AGGRESSIVE;
				GCC_WARN_UNUSED_FUNCTION = YES;
				GCC_WARN_UNUSED_VARIABLE = YES;
				IPHONEOS_DEPLOYMENT_TARGET = 9.2;
				MTL_ENABLE_DEBUG_INFO = YES;
				ONLY_ACTIVE_ARCH = YES;
				SDKROOT = iphoneos;
			};
			name = Debug;
		};
		FB29216B1C72FA0C0082B0B4 /* Release */ = {
			isa = XCBuildConfiguration;
			buildSettings = {
				ALWAYS_SEARCH_USER_PATHS = NO;
				CLANG_CXX_LANGUAGE_STANDARD = "gnu++0x";
				CLANG_CXX_LIBRARY = "libc++";
				CLANG_ENABLE_MODULES = YES;
				CLANG_ENABLE_OBJC_ARC = YES;
				CLANG_WARN_BOOL_CONVERSION = YES;
				CLANG_WARN_CONSTANT_CONVERSION = YES;
				CLANG_WARN_DIRECT_OBJC_ISA_USAGE = YES_ERROR;
				CLANG_WARN_EMPTY_BODY = YES;
				CLANG_WARN_ENUM_CONVERSION = YES;
				CLANG_WARN_INT_CONVERSION = YES;
				CLANG_WARN_OBJC_ROOT_CLASS = YES_ERROR;
				CLANG_WARN_UNREACHABLE_CODE = YES;
				CLANG_WARN__DUPLICATE_METHOD_MATCH = YES;
				"CODE_SIGN_IDENTITY[sdk=iphoneos*]" = "iPhone Developer";
				COPY_PHASE_STRIP = NO;
				DEBUG_INFORMATION_FORMAT = "dwarf-with-dsym";
				ENABLE_NS_ASSERTIONS = NO;
				ENABLE_STRICT_OBJC_MSGSEND = YES;
				GCC_C_LANGUAGE_STANDARD = gnu99;
				GCC_NO_COMMON_BLOCKS = YES;
				GCC_WARN_64_TO_32_BIT_CONVERSION = YES;
				GCC_WARN_ABOUT_RETURN_TYPE = YES_ERROR;
				GCC_WARN_UNDECLARED_SELECTOR = YES;
				GCC_WARN_UNINITIALIZED_AUTOS = YES_AGGRESSIVE;
				GCC_WARN_UNUSED_FUNCTION = YES;
				GCC_WARN_UNUSED_VARIABLE = YES;
				IPHONEOS_DEPLOYMENT_TARGET = 9.2;
				MTL_ENABLE_DEBUG_INFO = NO;
				SDKROOT = iphoneos;
				VALIDATE_PRODUCT = YES;
			};
			name = Release;
		};
		FB29216D1C72FA0C0082B0B4 /* Debug */ = {
			isa = XCBuildConfiguration;
			buildSettings = {
				ASSETCATALOG_COMPILER_APPICON_NAME = AppIcon;
				CODE_SIGN_IDENTITY = "iPhone Developer";
				"CODE_SIGN_IDENTITY[sdk=iphoneos*]" = "iPhone Developer: Xinbao Dong (94FM5FP9DY)";
				INFOPLIST_FILE = tongbao/Info.plist;
				IPHONEOS_DEPLOYMENT_TARGET = 9.2;
				LD_RUNPATH_SEARCH_PATHS = "$(inherited) @executable_path/Frameworks";
				LIBRARY_SEARCH_PATHS = (
					"$(inherited)",
					"$(PROJECT_DIR)",
				);
				PRODUCT_BUNDLE_IDENTIFIER = com.nju.tongbao;
				PRODUCT_NAME = "$(TARGET_NAME)";
				PROVISIONING_PROFILE = "715d1c63-7617-49d2-82de-51b43981655f";
				TARGETED_DEVICE_FAMILY = 1;
			};
			name = Debug;
		};
		FB29216E1C72FA0C0082B0B4 /* Release */ = {
			isa = XCBuildConfiguration;
			buildSettings = {
				ASSETCATALOG_COMPILER_APPICON_NAME = AppIcon;
				CODE_SIGN_IDENTITY = "iPhone Developer";
				"CODE_SIGN_IDENTITY[sdk=iphoneos*]" = "iPhone Developer: Xinbao Dong (94FM5FP9DY)";
				INFOPLIST_FILE = tongbao/Info.plist;
				IPHONEOS_DEPLOYMENT_TARGET = 9.2;
				LD_RUNPATH_SEARCH_PATHS = "$(inherited) @executable_path/Frameworks";
				LIBRARY_SEARCH_PATHS = (
					"$(inherited)",
					"$(PROJECT_DIR)",
				);
				PRODUCT_BUNDLE_IDENTIFIER = com.nju.tongbao;
				PRODUCT_NAME = "$(TARGET_NAME)";
				PROVISIONING_PROFILE = "715d1c63-7617-49d2-82de-51b43981655f";
				TARGETED_DEVICE_FAMILY = 1;
			};
			name = Release;
		};
		FB2921701C72FA0C0082B0B4 /* Debug */ = {
			isa = XCBuildConfiguration;
			buildSettings = {
				BUNDLE_LOADER = "$(TEST_HOST)";
				INFOPLIST_FILE = tongbaoTests/Info.plist;
				LD_RUNPATH_SEARCH_PATHS = "$(inherited) @executable_path/Frameworks @loader_path/Frameworks";
				PRODUCT_BUNDLE_IDENTIFIER = nju.tongbaoTests;
				PRODUCT_NAME = "$(TARGET_NAME)";
				TEST_HOST = "$(BUILT_PRODUCTS_DIR)/tongbao.app/tongbao";
			};
			name = Debug;
		};
		FB2921711C72FA0C0082B0B4 /* Release */ = {
			isa = XCBuildConfiguration;
			buildSettings = {
				BUNDLE_LOADER = "$(TEST_HOST)";
				INFOPLIST_FILE = tongbaoTests/Info.plist;
				LD_RUNPATH_SEARCH_PATHS = "$(inherited) @executable_path/Frameworks @loader_path/Frameworks";
				PRODUCT_BUNDLE_IDENTIFIER = nju.tongbaoTests;
				PRODUCT_NAME = "$(TARGET_NAME)";
				TEST_HOST = "$(BUILT_PRODUCTS_DIR)/tongbao.app/tongbao";
			};
			name = Release;
		};
		FB2921731C72FA0C0082B0B4 /* Debug */ = {
			isa = XCBuildConfiguration;
			buildSettings = {
				INFOPLIST_FILE = tongbaoUITests/Info.plist;
				LD_RUNPATH_SEARCH_PATHS = "$(inherited) @executable_path/Frameworks @loader_path/Frameworks";
				PRODUCT_BUNDLE_IDENTIFIER = nju.tongbaoUITests;
				PRODUCT_NAME = "$(TARGET_NAME)";
				TEST_TARGET_NAME = tongbao;
				USES_XCTRUNNER = YES;
			};
			name = Debug;
		};
		FB2921741C72FA0C0082B0B4 /* Release */ = {
			isa = XCBuildConfiguration;
			buildSettings = {
				INFOPLIST_FILE = tongbaoUITests/Info.plist;
				LD_RUNPATH_SEARCH_PATHS = "$(inherited) @executable_path/Frameworks @loader_path/Frameworks";
				PRODUCT_BUNDLE_IDENTIFIER = nju.tongbaoUITests;
				PRODUCT_NAME = "$(TARGET_NAME)";
				TEST_TARGET_NAME = tongbao;
				USES_XCTRUNNER = YES;
			};
			name = Release;
		};
/* End XCBuildConfiguration section */

/* Begin XCConfigurationList section */
		FB2921371C72FA0B0082B0B4 /* Build configuration list for PBXProject "tongbao" */ = {
			isa = XCConfigurationList;
			buildConfigurations = (
				FB29216A1C72FA0C0082B0B4 /* Debug */,
				FB29216B1C72FA0C0082B0B4 /* Release */,
			);
			defaultConfigurationIsVisible = 0;
			defaultConfigurationName = Release;
		};
		FB29216C1C72FA0C0082B0B4 /* Build configuration list for PBXNativeTarget "tongbao" */ = {
			isa = XCConfigurationList;
			buildConfigurations = (
				FB29216D1C72FA0C0082B0B4 /* Debug */,
				FB29216E1C72FA0C0082B0B4 /* Release */,
			);
			defaultConfigurationIsVisible = 0;
			defaultConfigurationName = Release;
		};
		FB29216F1C72FA0C0082B0B4 /* Build configuration list for PBXNativeTarget "tongbaoTests" */ = {
			isa = XCConfigurationList;
			buildConfigurations = (
				FB2921701C72FA0C0082B0B4 /* Debug */,
				FB2921711C72FA0C0082B0B4 /* Release */,
			);
			defaultConfigurationIsVisible = 0;
			defaultConfigurationName = Release;
		};
		FB2921721C72FA0C0082B0B4 /* Build configuration list for PBXNativeTarget "tongbaoUITests" */ = {
			isa = XCConfigurationList;
			buildConfigurations = (
				FB2921731C72FA0C0082B0B4 /* Debug */,
				FB2921741C72FA0C0082B0B4 /* Release */,
			);
			defaultConfigurationIsVisible = 0;
			defaultConfigurationName = Release;
		};
/* End XCConfigurationList section */
	};
	rootObject = FB2921341C72FA0B0082B0B4 /* Project object */;
}
